{
	"name": "emailbase",
	"version": "1.0.0",
	"lockfileVersion": 1,
	"requires": true,
	"dependencies": {
		"async": {
			"version": "2.6.3",
			"resolved": "https://registry.npmjs.org/async/-/async-2.6.3.tgz",
			"integrity": "sha512-zflvls11DCy+dQWzTW2dzuilv8Z5X/pjfmZOWba6TNIVDm+2UDaJmXSOXlasHKfNBs8oo3M0aT50fDEWfKZjXg==",
			"requires": {
				"lodash": "^4.17.14"
			}
		},
		"email-existence": {
			"version": "0.1.6",
			"resolved": "https://registry.npmjs.org/email-existence/-/email-existence-0.1.6.tgz",
			"integrity": "sha512-mg7vWBaddlMxBFpNMG4h5CZHdBBjcMkN2mFVwGxglRPdgnAD5ashVwhGbQudL2lrvElWyzpR1M61bsvUuzi8Pg==",
			"requires": {
				"async": "^2.0.0-rc.6"
			}
		},
		"lodash": {
			"version": "4.17.20",
			"resolved": "https://registry.npmjs.org/lodash/-/lodash-4.17.20.tgz",
			"integrity": "sha512-PlhdFcillOINfeV7Ni6oF1TAEayyZBoZ8bcshTHqOYJYlrqzRK5hagpagky5o4HfCzzd1TRkXPMFq6cKk9rGmA=="
		}
	}
}
